# THIS IS AN AUTOGENERATED FILE. DO NOT EDIT THIS FILE DIRECTLY.
# yarn lockfile v1


"@mapbox/geojson-area@0.2.2":
  version "0.2.2"
  resolved "https://registry.yarnpkg.com/@mapbox/geojson-area/-/geojson-area-0.2.2.tgz#18d7814aa36bf23fbbcc379f8e26a22927debf10"
  integrity sha512-bBqqFn1kIbLBfn7Yq1PzzwVkPYQr9lVUeT8Dhd0NL5n76PBuXzOcuLV7GOSbEB1ia8qWxH4COCvFpziEu/yReA==
  dependencies:
    wgs84 "0.0.0"

"@mapbox/geojson-rewind@0.4.0":
  version "0.4.0"
  resolved "https://registry.yarnpkg.com/@mapbox/geojson-rewind/-/geojson-rewind-0.4.0.tgz#0d3632d4c1b4a928cf10a06ade387e1c8a8c181b"
  integrity sha512-b+1uPWBERW4Pet/969BNu61ZPDyH2ilIxBjJDFzxyS9TyszF9UrTQyYIl/G38clux3rtpAGGFSGTCSF/qR6UjA==
  dependencies:
    "@mapbox/geojson-area" "0.2.2"
    concat-stream "~1.6.0"
    minimist "1.2.0"
    sharkdown "^0.1.0"

"@turf/area@^6.5.0":
  version "6.5.0"
  resolved "https://registry.yarnpkg.com/@turf/area/-/area-6.5.0.tgz#1d0d7aee01d8a4a3d4c91663ed35cc615f36ad56"
  integrity sha512-xCZdiuojokLbQ+29qR6qoMD89hv+JAgWjLrwSEWL+3JV8IXKeNFl6XkEJz9HGkVpnXvQKJoRz4/liT+8ZZ5Jyg==
  dependencies:
    "@turf/helpers" "^6.5.0"
    "@turf/meta" "^6.5.0"

"@turf/bbox@*", "@turf/bbox@^6.5.0":
  version "6.5.0"
  resolved "https://registry.yarnpkg.com/@turf/bbox/-/bbox-6.5.0.tgz#bec30a744019eae420dac9ea46fb75caa44d8dc5"
  integrity sha512-RBbLaao5hXTYyyg577iuMtDB8ehxMlUqHEJiMs8jT1GHkFhr6sYre3lmLsPeYEi/ZKj5TP5tt7fkzNdJ4GIVyw==
  dependencies:
    "@turf/helpers" "^6.5.0"
    "@turf/meta" "^6.5.0"

"@turf/bearing@^6.5.0":
  version "6.5.0"
  resolved "https://registry.yarnpkg.com/@turf/bearing/-/bearing-6.5.0.tgz#462a053c6c644434bdb636b39f8f43fb0cd857b0"
  integrity sha512-dxINYhIEMzgDOztyMZc20I7ssYVNEpSv04VbMo5YPQsqa80KO3TFvbuCahMsCAW5z8Tncc8dwBlEFrmRjJG33A==
  dependencies:
    "@turf/helpers" "^6.5.0"
    "@turf/invariant" "^6.5.0"

"@turf/boolean-point-in-polygon@^6.5.0":
  version "6.5.0"
  resolved "https://registry.yarnpkg.com/@turf/boolean-point-in-polygon/-/boolean-point-in-polygon-6.5.0.tgz#6d2e9c89de4cd2e4365004c1e51490b7795a63cf"
  integrity sha512-DtSuVFB26SI+hj0SjrvXowGTUCHlgevPAIsukssW6BG5MlNSBQAo70wpICBNJL6RjukXg8d2eXaAWuD/CqL00A==
  dependencies:
    "@turf/helpers" "^6.5.0"
    "@turf/invariant" "^6.5.0"

"@turf/boolean-point-on-line@^6.5.0":
  version "6.5.0"
  resolved "https://registry.yarnpkg.com/@turf/boolean-point-on-line/-/boolean-point-on-line-6.5.0.tgz#a8efa7bad88760676f395afb9980746bc5b376e9"
  integrity sha512-A1BbuQ0LceLHvq7F/P7w3QvfpmZqbmViIUPHdNLvZimFNLo4e6IQunmzbe+8aSStH9QRZm3VOflyvNeXvvpZEQ==
  dependencies:
    "@turf/helpers" "^6.5.0"
    "@turf/invariant" "^6.5.0"

"@turf/boolean-within@^6.5.0":
  version "6.5.0"
  resolved "https://registry.yarnpkg.com/@turf/boolean-within/-/boolean-within-6.5.0.tgz#31a749d3be51065da8c470a1e5613f4d2efdee06"
  integrity sha512-YQB3oU18Inx35C/LU930D36RAVe7LDXk1kWsQ8mLmuqYn9YdPsDQTMTkLJMhoQ8EbN7QTdy333xRQ4MYgToteQ==
  dependencies:
    "@turf/bbox" "^6.5.0"
    "@turf/boolean-point-in-polygon" "^6.5.0"
    "@turf/boolean-point-on-line" "^6.5.0"
    "@turf/helpers" "^6.5.0"
    "@turf/invariant" "^6.5.0"

"@turf/buffer@^6.5.0":
  version "6.5.0"
  resolved "https://registry.yarnpkg.com/@turf/buffer/-/buffer-6.5.0.tgz#22bd0d05b4e1e73eaebc69b8f574a410ff704842"
  integrity sha512-qeX4N6+PPWbKqp1AVkBVWFerGjMYMUyencwfnkCesoznU6qvfugFHNAngNqIBVnJjZ5n8IFyOf+akcxnrt9sNg==
  dependencies:
    "@turf/bbox" "^6.5.0"
    "@turf/center" "^6.5.0"
    "@turf/helpers" "^6.5.0"
    "@turf/meta" "^6.5.0"
    "@turf/projection" "^6.5.0"
    d3-geo "1.7.1"
    turf-jsts "*"

"@turf/center@^6.5.0":
  version "6.5.0"
  resolved "https://registry.yarnpkg.com/@turf/center/-/center-6.5.0.tgz#3bcb6bffcb8ba147430cfea84aabaed5dbdd4f07"
  integrity sha512-T8KtMTfSATWcAX088rEDKjyvQCBkUsLnK/Txb6/8WUXIeOZyHu42G7MkdkHRoHtwieLdduDdmPLFyTdG5/e7ZQ==
  dependencies:
    "@turf/bbox" "^6.5.0"
    "@turf/helpers" "^6.5.0"

"@turf/centroid@^6.5.0":
  version "6.5.0"
  resolved "https://registry.yarnpkg.com/@turf/centroid/-/centroid-6.5.0.tgz#ecaa365412e5a4d595bb448e7dcdacfb49eb0009"
  integrity sha512-MwE1oq5E3isewPprEClbfU5pXljIK/GUOMbn22UM3IFPDJX0KeoyLNwghszkdmFp/qMGL/M13MMWvU+GNLXP/A==
  dependencies:
    "@turf/helpers" "^6.5.0"
    "@turf/meta" "^6.5.0"

"@turf/clone@^6.5.0":
  version "6.5.0"
  resolved "https://registry.yarnpkg.com/@turf/clone/-/clone-6.5.0.tgz#895860573881ae10a02dfff95f274388b1cda51a"
  integrity sha512-mzVtTFj/QycXOn6ig+annKrM6ZlimreKYz6f/GSERytOpgzodbQyOgkfwru100O1KQhhjSudKK4DsQ0oyi9cTw==
  dependencies:
    "@turf/helpers" "^6.5.0"

"@turf/destination@^6.5.0":
  version "6.5.0"
  resolved "https://registry.yarnpkg.com/@turf/destination/-/destination-6.5.0.tgz#30a84702f9677d076130e0440d3223ae503fdae1"
  integrity sha512-4cnWQlNC8d1tItOz9B4pmJdWpXqS0vEvv65bI/Pj/genJnsL7evI0/Xw42RvEGROS481MPiU80xzvwxEvhQiMQ==
  dependencies:
    "@turf/helpers" "^6.5.0"
    "@turf/invariant" "^6.5.0"

"@turf/difference@^6.5.0":
  version "6.5.0"
  resolved "https://registry.yarnpkg.com/@turf/difference/-/difference-6.5.0.tgz#677b0d5641a93bba2e82f2c683f0d880105b3197"
  integrity sha512-l8iR5uJqvI+5Fs6leNbhPY5t/a3vipUF/3AeVLpwPQcgmedNXyheYuy07PcMGH5Jdpi5gItOiTqwiU/bUH4b3A==
  dependencies:
    "@turf/helpers" "^6.5.0"
    "@turf/invariant" "^6.5.0"
    polygon-clipping "^0.15.3"

"@turf/distance@^6.5.0":
  version "6.5.0"
  resolved "https://registry.yarnpkg.com/@turf/distance/-/distance-6.5.0.tgz#21f04d5f86e864d54e2abde16f35c15b4f36149a"
  integrity sha512-xzykSLfoURec5qvQJcfifw/1mJa+5UwByZZ5TZ8iaqjGYN0vomhV9aiSLeYdUGtYRESZ+DYC/OzY+4RclZYgMg==
  dependencies:
    "@turf/helpers" "^6.5.0"
    "@turf/invariant" "^6.5.0"

"@turf/explode@^6.5.0":
  version "6.5.0"
  resolved "https://registry.yarnpkg.com/@turf/explode/-/explode-6.5.0.tgz#02c292cc143dd629643da5b70bb5b19b9f0f1c6b"
  integrity sha512-6cSvMrnHm2qAsace6pw9cDmK2buAlw8+tjeJVXMfMyY+w7ZUi1rprWMsY92J7s2Dar63Bv09n56/1V7+tcj52Q==
  dependencies:
    "@turf/helpers" "^6.5.0"
    "@turf/meta" "^6.5.0"

"@turf/flatten@^6.5.0":
  version "6.5.0"
  resolved "https://registry.yarnpkg.com/@turf/flatten/-/flatten-6.5.0.tgz#0bd26161f4f1759bbad6ba9485e8ee65f3fa72a7"
  integrity sha512-IBZVwoNLVNT6U/bcUUllubgElzpMsNoCw8tLqBw6dfYg9ObGmpEjf9BIYLr7a2Yn5ZR4l7YIj2T7kD5uJjZADQ==
  dependencies:
    "@turf/helpers" "^6.5.0"
    "@turf/meta" "^6.5.0"

"@turf/helpers@6.x", "@turf/helpers@^6.5.0":
  version "6.5.0"
  resolved "https://registry.yarnpkg.com/@turf/helpers/-/helpers-6.5.0.tgz#f79af094bd6b8ce7ed2bd3e089a8493ee6cae82e"
  integrity sha512-VbI1dV5bLFzohYYdgqwikdMVpe7pJ9X3E+dlr425wa2/sMJqYDhTO++ec38/pcPvPE6oD9WEEeU3Xu3gza+VPw==

"@turf/intersect@^6.5.0":
  version "6.5.0"
  resolved "https://registry.yarnpkg.com/@turf/intersect/-/intersect-6.5.0.tgz#a14e161ddd0264d0f07ac4e325553c70c421f9e6"
  integrity sha512-2legGJeKrfFkzntcd4GouPugoqPUjexPZnOvfez+3SfIMrHvulw8qV8u7pfVyn2Yqs53yoVCEjS5sEpvQ5YRQg==
  dependencies:
    "@turf/helpers" "^6.5.0"
    "@turf/invariant" "^6.5.0"
    polygon-clipping "^0.15.3"

"@turf/invariant@^6.5.0":
  version "6.5.0"
  resolved "https://registry.yarnpkg.com/@turf/invariant/-/invariant-6.5.0.tgz#970afc988023e39c7ccab2341bd06979ddc7463f"
  integrity sha512-Wv8PRNCtPD31UVbdJE/KVAWKe7l6US+lJItRR/HOEW3eh+U/JwRCSUl/KZ7bmjM/C+zLNoreM2TU6OoLACs4eg==
  dependencies:
    "@turf/helpers" "^6.5.0"

"@turf/length@^6.5.0":
  version "6.5.0"
  resolved "https://registry.yarnpkg.com/@turf/length/-/length-6.5.0.tgz#ff4e9072d5f997e1c32a1311d214d184463f83fa"
  integrity sha512-5pL5/pnw52fck3oRsHDcSGrj9HibvtlrZ0QNy2OcW8qBFDNgZ4jtl6U7eATVoyWPKBHszW3dWETW+iLV7UARig==
  dependencies:
    "@turf/distance" "^6.5.0"
    "@turf/helpers" "^6.5.0"
    "@turf/meta" "^6.5.0"

"@turf/line-intersect@^6.5.0":
  version "6.5.0"
  resolved "https://registry.yarnpkg.com/@turf/line-intersect/-/line-intersect-6.5.0.tgz#dea48348b30c093715d2195d2dd7524aee4cf020"
  integrity sha512-CS6R1tZvVQD390G9Ea4pmpM6mJGPWoL82jD46y0q1KSor9s6HupMIo1kY4Ny+AEYQl9jd21V3Scz20eldpbTVA==
  dependencies:
    "@turf/helpers" "^6.5.0"
    "@turf/invariant" "^6.5.0"
    "@turf/line-segment" "^6.5.0"
    "@turf/meta" "^6.5.0"
    geojson-rbush "3.x"

"@turf/line-segment@^6.5.0":
  version "6.5.0"
  resolved "https://registry.yarnpkg.com/@turf/line-segment/-/line-segment-6.5.0.tgz#ee73f3ffcb7c956203b64ed966d96af380a4dd65"
  integrity sha512-jI625Ho4jSuJESNq66Mmi290ZJ5pPZiQZruPVpmHkUw257Pew0alMmb6YrqYNnLUuiVVONxAAKXUVeeUGtycfw==
  dependencies:
    "@turf/helpers" "^6.5.0"
    "@turf/invariant" "^6.5.0"
    "@turf/meta" "^6.5.0"

"@turf/line-split@^6.5.0":
  version "6.5.0"
  resolved "https://registry.yarnpkg.com/@turf/line-split/-/line-split-6.5.0.tgz#116d7fbf714457878225187f5820ef98db7b02c2"
  integrity sha512-/rwUMVr9OI2ccJjw7/6eTN53URtGThNSD5I0GgxyFXMtxWiloRJ9MTff8jBbtPWrRka/Sh2GkwucVRAEakx9Sw==
  dependencies:
    "@turf/bbox" "^6.5.0"
    "@turf/helpers" "^6.5.0"
    "@turf/invariant" "^6.5.0"
    "@turf/line-intersect" "^6.5.0"
    "@turf/line-segment" "^6.5.0"
    "@turf/meta" "^6.5.0"
    "@turf/nearest-point-on-line" "^6.5.0"
    "@turf/square" "^6.5.0"
    "@turf/truncate" "^6.5.0"
    geojson-rbush "3.x"

"@turf/meta@6.x", "@turf/meta@^6.5.0":
  version "6.5.0"
  resolved "https://registry.yarnpkg.com/@turf/meta/-/meta-6.5.0.tgz#b725c3653c9f432133eaa04d3421f7e51e0418ca"
  integrity sha512-RrArvtsV0vdsCBegoBtOalgdSOfkBrTJ07VkpiCnq/491W67hnMWmDu7e6Ztw0C3WldRYTXkg3SumfdzZxLBHA==
  dependencies:
    "@turf/helpers" "^6.5.0"

"@turf/nearest-point-on-line@^6.5.0":
  version "6.5.0"
  resolved "https://registry.yarnpkg.com/@turf/nearest-point-on-line/-/nearest-point-on-line-6.5.0.tgz#8e1cd2cdc0b5acaf4c8d8b3b33bb008d3cb99e7b"
  integrity sha512-WthrvddddvmymnC+Vf7BrkHGbDOUu6Z3/6bFYUGv1kxw8tiZ6n83/VG6kHz4poHOfS0RaNflzXSkmCi64fLBlg==
  dependencies:
    "@turf/bearing" "^6.5.0"
    "@turf/destination" "^6.5.0"
    "@turf/distance" "^6.5.0"
    "@turf/helpers" "^6.5.0"
    "@turf/invariant" "^6.5.0"
    "@turf/line-intersect" "^6.5.0"
    "@turf/meta" "^6.5.0"

"@turf/nearest-point@^6.5.0":
  version "6.5.0"
  resolved "https://registry.yarnpkg.com/@turf/nearest-point/-/nearest-point-6.5.0.tgz#2f1781c26ff3f054005d4ff352042973318b92f1"
  integrity sha512-fguV09QxilZv/p94s8SMsXILIAMiaXI5PATq9d7YWijLxWUj6Q/r43kxyoi78Zmwwh1Zfqz9w+bCYUAxZ5+euA==
  dependencies:
    "@turf/clone" "^6.5.0"
    "@turf/distance" "^6.5.0"
    "@turf/helpers" "^6.5.0"
    "@turf/meta" "^6.5.0"

"@turf/point-on-feature@^6.5.0":
  version "6.5.0"
  resolved "https://registry.yarnpkg.com/@turf/point-on-feature/-/point-on-feature-6.5.0.tgz#37d07afeb31896e53c0833aa404993ba7d500f0c"
  integrity sha512-bDpuIlvugJhfcF/0awAQ+QI6Om1Y1FFYE8Y/YdxGRongivix850dTeXCo0mDylFdWFPGDo7Mmh9Vo4VxNwW/TA==
  dependencies:
    "@turf/boolean-point-in-polygon" "^6.5.0"
    "@turf/center" "^6.5.0"
    "@turf/explode" "^6.5.0"
    "@turf/helpers" "^6.5.0"
    "@turf/nearest-point" "^6.5.0"

"@turf/projection@^6.5.0":
  version "6.5.0"
  resolved "https://registry.yarnpkg.com/@turf/projection/-/projection-6.5.0.tgz#d2aad862370bf03f2270701115464a8406c144b2"
  integrity sha512-/Pgh9mDvQWWu8HRxqpM+tKz8OzgauV+DiOcr3FCjD6ubDnrrmMJlsf6fFJmggw93mtVPrZRL6yyi9aYCQBOIvg==
  dependencies:
    "@turf/clone" "^6.5.0"
    "@turf/helpers" "^6.5.0"
    "@turf/meta" "^6.5.0"

"@turf/square@^6.5.0":
  version "6.5.0"
  resolved "https://registry.yarnpkg.com/@turf/square/-/square-6.5.0.tgz#ab43eef99d39c36157ab5b80416bbeba1f6b2122"
  integrity sha512-BM2UyWDmiuHCadVhHXKIx5CQQbNCpOxB6S/aCNOCLbhCeypKX5Q0Aosc5YcmCJgkwO5BERCC6Ee7NMbNB2vHmQ==
  dependencies:
    "@turf/distance" "^6.5.0"
    "@turf/helpers" "^6.5.0"

"@turf/truncate@^6.5.0":
  version "6.5.0"
  resolved "https://registry.yarnpkg.com/@turf/truncate/-/truncate-6.5.0.tgz#c3a16cad959f1be1c5156157d5555c64b19185d8"
  integrity sha512-pFxg71pLk+eJj134Z9yUoRhIi8vqnnKvCYwdT4x/DQl/19RVdq1tV3yqOT3gcTQNfniteylL5qV1uTBDV5sgrg==
  dependencies:
    "@turf/helpers" "^6.5.0"
    "@turf/meta" "^6.5.0"

"@turf/union@^6.5.0":
  version "6.5.0"
  resolved "https://registry.yarnpkg.com/@turf/union/-/union-6.5.0.tgz#82d28f55190608f9c7d39559b7f543393b03b82d"
  integrity sha512-igYWCwP/f0RFHIlC2c0SKDuM/ObBaqSljI3IdV/x71805QbIvY/BYGcJdyNcgEA6cylIGl/0VSlIbpJHZ9ldhw==
  dependencies:
    "@turf/helpers" "^6.5.0"
    "@turf/invariant" "^6.5.0"
    polygon-clipping "^0.15.3"

"@types/geojson@7946.0.8":
  version "7946.0.8"
  resolved "https://registry.yarnpkg.com/@types/geojson/-/geojson-7946.0.8.tgz#30744afdb385e2945e22f3b033f897f76b1f12ca"
  integrity sha512-1rkryxURpr6aWP7R786/UQOkJ3PcpQiWkAXBmdWc7ryFWqN6a4xfK7BtjXvFBKO9LjQ+MWQSWxYeZX1OApnArA==

"@types/geojson@^1.0.2":
  version "1.0.6"
  resolved "https://registry.yarnpkg.com/@types/geojson/-/geojson-1.0.6.tgz#3e02972728c69248c2af08d60a48cbb8680fffdf"
  integrity sha512-Xqg/lIZMrUd0VRmSRbCAewtwGZiAk3mEUDvV4op1tGl+LvyPcb/MIOSxTl9z+9+J+R4/vpjiCAT4xeKzH9ji1w==

JSONStream@0.8.0:
  version "0.8.0"
  resolved "https://registry.yarnpkg.com/JSONStream/-/JSONStream-0.8.0.tgz#efc462d5a5bc94ec007f4b22571acd7f6f2ae013"
  integrity sha512-PiV28BpoUorz9kKFwRbD7+wg0t/k0ITHKn0DgCU44YZ/GaGAZRPt9q5PzoifC85gE55SEPIdMu0Labfxevj8cw==
  dependencies:
    jsonparse "0.0.5"
    through "~2.2.7"

ansicolors@~0.2.1:
  version "0.2.1"
  resolved "https://registry.yarnpkg.com/ansicolors/-/ansicolors-0.2.1.tgz#be089599097b74a5c9c4a84a0cdbcdb62bd87aef"
  integrity sha512-tOIuy1/SK/dr94ZA0ckDohKXNeBNqZ4us6PjMVLs5h1w2GBB6uPtOknp2+VF4F/zcy9LI70W+Z+pE2Soajky1w==

buffer-from@^1.0.0:
  version "1.1.2"
  resolved "https://registry.yarnpkg.com/buffer-from/-/buffer-from-1.1.2.tgz#2b146a6fd72e80b4f55d255f35ed59a3a9a41bd5"
  integrity sha512-E+XQCRwSbaaiChtv6k6Dwgc+bx+Bs6vuKJHHl5kox/BaKbhiXzqQOwK4cO22yElGp2OCmjwVhT3HmxgyPGnJfQ==

cardinal@~0.4.2:
  version "0.4.4"
  resolved "https://registry.yarnpkg.com/cardinal/-/cardinal-0.4.4.tgz#ca5bb68a5b511b90fe93b9acea49bdee5c32bfe2"
  integrity sha512-3MxV0o9wOpQcobrcSrRpaSxlYkohCcZu0ytOjJUww/Yo/223q4Ecloo7odT+M0SI5kPgb1JhvSaF4EEuVXOLAQ==
  dependencies:
    ansicolors "~0.2.1"
    redeyed "~0.4.0"

concat-stream@2.0.0:
  version "2.0.0"
  resolved "https://registry.yarnpkg.com/concat-stream/-/concat-stream-2.0.0.tgz#414cf5af790a48c60ab9be4527d56d5e41133cb1"
  integrity sha512-MWufYdFw53ccGjCA+Ol7XJYpAlW6/prSMzuPOTRnJGcGzuhLn4Scrz7qf6o8bROZ514ltazcIFJZevcfbo0x7A==
  dependencies:
    buffer-from "^1.0.0"
    inherits "^2.0.3"
    readable-stream "^3.0.2"
    typedarray "^0.0.6"

concat-stream@~1.6.0:
  version "1.6.2"
  resolved "https://registry.yarnpkg.com/concat-stream/-/concat-stream-1.6.2.tgz#904bdf194cd3122fc675c77fc4ac3d4ff0fd1a34"
  integrity sha512-27HBghJxjiZtIk3Ycvn/4kbJk/1uZuJFfuPEns6LaEvpvG1f0hTea8lilrouyo9mVc2GWdcEZ8OLoGmSADlrCw==
  dependencies:
    buffer-from "^1.0.0"
    inherits "^2.0.3"
    readable-stream "^2.2.2"
    typedarray "^0.0.6"

core-util-is@~1.0.0:
  version "1.0.3"
  resolved "https://registry.yarnpkg.com/core-util-is/-/core-util-is-1.0.3.tgz#a6042d3634c2b27e9328f837b965fac83808db85"
  integrity sha512-ZQBvi1DcpJ4GDqanjucZ2Hj3wEO5pZDS89BWbkcrvdxksJorwUDDZamX9ldFkp9aw2lmBDLgkObEA4DWNJ9FYQ==

d3-array@1:
  version "1.2.4"
  resolved "https://registry.yarnpkg.com/d3-array/-/d3-array-1.2.4.tgz#635ce4d5eea759f6f605863dbcfc30edc737f71f"
  integrity sha512-KHW6M86R+FUPYGb3R5XiYjXPq7VzwxZ22buHhAEVG5ztoEcZZMLov530mmccaqA1GghZArjQV46fuc8kUqhhHw==

d3-geo@1.7.1:
  version "1.7.1"
  resolved "https://registry.yarnpkg.com/d3-geo/-/d3-geo-1.7.1.tgz#44bbc7a218b1fd859f3d8fd7c443ca836569ce99"
  integrity sha512-O4AempWAr+P5qbk2bC2FuN/sDW4z+dN2wDf9QV3bxQt4M5HfOEeXLgJ/UKQW0+o1Dj8BE+L5kiDbdWUMjsmQpw==
  dependencies:
    d3-array "1"

data-uri-to-buffer@^4.0.0:
  version "4.0.0"
  resolved "https://registry.yarnpkg.com/data-uri-to-buffer/-/data-uri-to-buffer-4.0.0.tgz#b5db46aea50f6176428ac05b73be39a57701a64b"
  integrity sha512-Vr3mLBA8qWmcuschSLAOogKgQ/Jwxulv3RNE4FXnYWRGujzrRWQI4m12fQqRkwX06C0KanhLr4hK+GydchZsaA==

domelementtype@1:
  version "1.3.1"
  resolved "https://registry.yarnpkg.com/domelementtype/-/domelementtype-1.3.1.tgz#d048c44b37b0d10a7f2a3d5fee3f4333d790481f"
  integrity sha512-BSKB+TSpMpFI/HOxCNr1O8aMOTZ8hT3pM3GQ0w/mWRmkhEDSFJkkyzz4XQsBV44BChwGkrDfMyjVD0eA2aFV3w==

domhandler@2.2:
  version "2.2.1"
  resolved "https://registry.yarnpkg.com/domhandler/-/domhandler-2.2.1.tgz#59df9dcd227e808b365ae73e1f6684ac3d946fc2"
  integrity sha512-MFFBQFGkyTuNe3vL9WEw9JdlCwIoBYpOGESLeZAvc/jClYNsOl6P1KzevJbWg76GovdEycfR7/2/Ra7NnqtMKw==
  dependencies:
    domelementtype "1"

domutils@1.3:
  version "1.3.0"
  resolved "https://registry.yarnpkg.com/domutils/-/domutils-1.3.0.tgz#9ad4d59b5af6ca684c62fe6d768ef170e70df192"
  integrity sha512-1UdPmldjSGewOuWE40YYFZB1Q4im4LZoCMXGYeTeLz3R9hvxrDYJPRcPHXR4yBbubQebgGNCY2hwpJxmAiUMzQ==
  dependencies:
    domelementtype "1"

esprima@~1.0.4:
  version "1.0.4"
  resolved "https://registry.yarnpkg.com/esprima/-/esprima-1.0.4.tgz#9f557e08fc3b4d26ece9dd34f8fbf476b62585ad"
  integrity sha512-rp5dMKN8zEs9dfi9g0X1ClLmV//WRyk/R15mppFNICIFRG5P92VP7Z04p8pk++gABo9W2tY+kHyu6P1mEHgmTA==

fetch-blob@^3.1.2, fetch-blob@^3.1.4:
  version "3.2.0"
  resolved "https://registry.yarnpkg.com/fetch-blob/-/fetch-blob-3.2.0.tgz#f09b8d4bbd45adc6f0c20b7e787e793e309dcce9"
  integrity sha512-7yAQpD2UMJzLi1Dqv7qFYnPbaPx7ZfFK6PiIxQ4PfkGPyNyl2Ugx+a/umUonmKqjhM4DnfbMvdX6otXq83soQQ==
  dependencies:
    node-domexception "^1.0.0"
    web-streams-polyfill "^3.0.3"

formdata-polyfill@^4.0.10:
  version "4.0.10"
  resolved "https://registry.yarnpkg.com/formdata-polyfill/-/formdata-polyfill-4.0.10.tgz#24807c31c9d402e002ab3d8c720144ceb8848423"
  integrity sha512-buewHzMvYL29jdeQTVILecSaZKnt/RJWjoZCF5OW60Z67/GmSLBkOFM7qh1PI3zFNtJbaZL5eQu1vLfazOwj4g==
  dependencies:
    fetch-blob "^3.1.2"

geojson-numeric@0.2.1:
  version "0.2.1"
  resolved "https://registry.yarnpkg.com/geojson-numeric/-/geojson-numeric-0.2.1.tgz#2c8c032f792cca0747a6e02ffa86c00ee3d2df6c"
  integrity sha512-rvItMp3W7pe16o2EQTnRw54v6WHdiE4bYjUsdr3FZskFb6oPC7gjLe4zginP+Wd1B/HLl2acTukfn16Lmwn7lg==
  dependencies:
    concat-stream "2.0.0"
    optimist "~0.3.5"

geojson-rbush@3.x:
  version "3.2.0"
  resolved "https://registry.yarnpkg.com/geojson-rbush/-/geojson-rbush-3.2.0.tgz#8b543cf0d56f99b78faf1da52bb66acad6dfc290"
  integrity sha512-oVltQTXolxvsz1sZnutlSuLDEcQAKYC/uXt9zDzJJ6bu0W+baTI8LZBaTup5afzibEH4N3jlq2p+a152wlBJ7w==
  dependencies:
    "@turf/bbox" "*"
    "@turf/helpers" "6.x"
    "@turf/meta" "6.x"
    "@types/geojson" "7946.0.8"
    rbush "^3.0.1"

htmlparser2@3.5.1:
  version "3.5.1"
  resolved "https://registry.yarnpkg.com/htmlparser2/-/htmlparser2-3.5.1.tgz#6f42f7657dd19c13f7d65de9118417394a0be6d0"
  integrity sha512-9ouaQ6sjVJZS4NhPC65zNm2JCJotiH6BVm6iFvI90hRcsIEISMrgjqMUrPpU9G1VS4vTspH4dyaqSRf6JLQPbg==
  dependencies:
    domelementtype "1"
    domhandler "2.2"
    domutils "1.3"
    readable-stream "1.1"

ieee754@^1.1.12:
  version "1.2.1"
  resolved "https://registry.yarnpkg.com/ieee754/-/ieee754-1.2.1.tgz#8eb7a10a63fff25d15a57b001586d177d1b0d352"
  integrity sha512-dcyqhDvX1C46lXZcVqCpK+FtMRQVdIMN6/Df5js2zouUsqG7I6sFxitIC+7KYK29KdXOLHdu9zL4sFnoVQnqaA==

inherits@^2.0.3, inherits@~2.0.1, inherits@~2.0.3:
  version "2.0.4"
  resolved "https://registry.yarnpkg.com/inherits/-/inherits-2.0.4.tgz#0fa2c64f932917c3433a0ded55363aae37416b7c"
  integrity sha512-k/vGaX4/Yla3WzyMCvTQOXYeIHvqOKtnqBduzTHpzpQZzAskKMhZ2K+EnBiSM9zGSoIFeMpXKxa4dYeZIQqewQ==

isarray@0.0.1:
  version "0.0.1"
  resolved "https://registry.yarnpkg.com/isarray/-/isarray-0.0.1.tgz#8a18acfca9a8f4177e09abfc6038939b05d1eedf"
  integrity sha512-D2S+3GLxWH+uhrNEcoh/fnmYeP8E8/zHl644d/jdA0g2uyXvy3sb0qxotE+ne0LtccHknQzWwZEzhak7oJ0COQ==

isarray@~1.0.0:
  version "1.0.0"
  resolved "https://registry.yarnpkg.com/isarray/-/isarray-1.0.0.tgz#bb935d48582cba168c06834957a54a3e07124f11"
  integrity sha512-VLghIWNM6ELQzo7zwmcg0NmTVyWKYjvIeM83yjp0wRDTmUnrM678fQbcKBo6n2CJEF0szoG//ytg+TKla89ALQ==

jsonparse@0.0.5:
  version "0.0.5"
  resolved "https://registry.yarnpkg.com/jsonparse/-/jsonparse-0.0.5.tgz#330542ad3f0a654665b778f3eb2d9a9fa507ac64"
  integrity sha512-fw7Q/8gFR8iSekUi9I+HqWIap6mywuoe7hQIg3buTVjuZgALKj4HAmm0X6f+TaL4c9NJbvyFQdaI2ppr5p6dnQ==

minimist@0.0.5:
  version "0.0.5"
  resolved "https://registry.yarnpkg.com/minimist/-/minimist-0.0.5.tgz#d7aa327bcecf518f9106ac6b8f003fa3bcea8566"
  integrity sha512-rSJ0cdmCj3qmKdObcnMcWgPVOyaOWlazLhZAJW0s6G6lx1ZEuFkraWmEH5LTvX90btkfHPclQBjvjU7A/kYRFg==

minimist@1.2.0:
  version "1.2.0"
  resolved "https://registry.yarnpkg.com/minimist/-/minimist-1.2.0.tgz#a35008b20f41383eec1fb914f4cd5df79a264284"
  integrity sha512-7Wl+Jz+IGWuSdgsQEJ4JunV0si/iMhg42MnQQG6h1R6TNeVenp4U9x5CC5v/gYqz/fENLQITAWXidNtVL0NNbw==

node-domexception@^1.0.0:
  version "1.0.0"
  resolved "https://registry.yarnpkg.com/node-domexception/-/node-domexception-1.0.0.tgz#6888db46a1f71c0b76b3f7555016b63fe64766e5"
  integrity sha512-/jKZoMpw0F8GRwl4/eLROPA3cfcXtLApP0QzLmUT/HuPCZWyB7IY9ZrMeKw2O/nFIqPQB3PVM9aYm0F312AXDQ==

node-fetch@^3.2.10:
  version "3.2.10"
  resolved "https://registry.yarnpkg.com/node-fetch/-/node-fetch-3.2.10.tgz#e8347f94b54ae18b57c9c049ef641cef398a85c8"
  integrity sha512-MhuzNwdURnZ1Cp4XTazr69K0BTizsBroX7Zx3UgDSVcZYKF/6p0CBe4EUb/hLqmzVhl0UpYfgRljQ4yxE+iCxA==
  dependencies:
    data-uri-to-buffer "^4.0.0"
    fetch-blob "^3.1.4"
    formdata-polyfill "^4.0.10"

optimist@~0.3.5:
  version "0.3.7"
  resolved "https://registry.yarnpkg.com/optimist/-/optimist-0.3.7.tgz#c90941ad59e4273328923074d2cf2e7cbc6ec0d9"
  integrity sha512-TCx0dXQzVtSCg2OgY/bO9hjM9cV4XYx09TVK+s3+FhkjT6LovsLe+pPMzpWf+6yXK/hUizs2gUoTw3jHM0VaTQ==
  dependencies:
    wordwrap "~0.0.2"

osm-polygon-features@^0.9.1:
  version "0.9.2"
  resolved "https://registry.yarnpkg.com/osm-polygon-features/-/osm-polygon-features-0.9.2.tgz#20ae41130c486e49a3b2a3c2b58a1419c4986778"
  integrity sha512-5zNEFCq+G6X2TDkqbKYLF1+GtWVCCLA8zX+FVhSogsiTRsGquyaGRy5cYNW4BE3ci0MKOLvNTkFNsjsCNtgz0A==

osmtogeojson@^3.0.0-beta.4:
  version "3.0.0-beta.4"
  resolved "https://registry.yarnpkg.com/osmtogeojson/-/osmtogeojson-3.0.0-beta.4.tgz#00e270af7c080bd3bc503bd612fa5b90a1c95d50"
  integrity sha512-GwNy2w5JKOplOBspagcNhCDhBRV6Du2BCvcLkaA7nX12U86Dl2Ciw9zs/VzFFTXfyZlaK+7bGCWN2SNlfn/jOA==
  dependencies:
    "@mapbox/geojson-rewind" "0.4.0"
    JSONStream "0.8.0"
    concat-stream "2.0.0"
    geojson-numeric "0.2.1"
    htmlparser2 "3.5.1"
    optimist "~0.3.5"
    osm-polygon-features "^0.9.1"
    tiny-osmpbf "^0.1.0"
    xmldom "~0.1.16"
  optionalDependencies:
    "@types/geojson" "^1.0.2"

pbf@^3.0.4:
  version "3.2.1"
  resolved "https://registry.yarnpkg.com/pbf/-/pbf-3.2.1.tgz#b4c1b9e72af966cd82c6531691115cc0409ffe2a"
  integrity sha512-ClrV7pNOn7rtmoQVF4TS1vyU0WhYRnP92fzbfF75jAIwpnzdJXf8iTd4CMEqO4yUenH6NDqLiwjqlh6QgZzgLQ==
  dependencies:
    ieee754 "^1.1.12"
    resolve-protobuf-schema "^2.1.0"

polygon-clipping@^0.15.3:
  version "0.15.3"
  resolved "https://registry.yarnpkg.com/polygon-clipping/-/polygon-clipping-0.15.3.tgz#0215840438470ba2e9e6593625e4ea5c1087b4b7"
  integrity sha512-ho0Xx5DLkgxRx/+n4O74XyJ67DcyN3Tu9bGYKsnTukGAW6ssnuak6Mwcyb1wHy9MZc9xsUWqIoiazkZB5weECg==
  dependencies:
    splaytree "^3.1.0"

process-nextick-args@~2.0.0:
  version "2.0.1"
  resolved "https://registry.yarnpkg.com/process-nextick-args/-/process-nextick-args-2.0.1.tgz#7820d9b16120cc55ca9ae7792680ae7dba6d7fe2"
  integrity sha512-3ouUOpQhtgrbOa17J7+uxOTpITYWaGP7/AhoR3+A+/1e9skrzelGi/dXzEYyvbxubEF6Wn2ypscTKiKJFFn1ag==

protocol-buffers-schema@^3.3.1:
  version "3.6.0"
  resolved "https://registry.yarnpkg.com/protocol-buffers-schema/-/protocol-buffers-schema-3.6.0.tgz#77bc75a48b2ff142c1ad5b5b90c94cd0fa2efd03"
  integrity sha512-TdDRD+/QNdrCGCE7v8340QyuXd4kIWIgapsE2+n/SaGiSSbomYl4TjHlvIoCWRpE7wFt02EpB35VVA2ImcBVqw==

quickselect@^2.0.0:
  version "2.0.0"
  resolved "https://registry.yarnpkg.com/quickselect/-/quickselect-2.0.0.tgz#f19680a486a5eefb581303e023e98faaf25dd018"
  integrity sha512-RKJ22hX8mHe3Y6wH/N3wCM6BWtjaxIyyUIkpHOvfFnxdI4yD4tBXEBKSbriGujF6jnSVkJrffuo6vxACiSSxIw==

rbush@^3.0.1:
  version "3.0.1"
  resolved "https://registry.yarnpkg.com/rbush/-/rbush-3.0.1.tgz#5fafa8a79b3b9afdfe5008403a720cc1de882ecf"
  integrity sha512-XRaVO0YecOpEuIvbhbpTrZgoiI6xBlz6hnlr6EHhd+0x9ase6EmeN+hdwwUaJvLcsFFQ8iWVF1GAK1yB0BWi0w==
  dependencies:
    quickselect "^2.0.0"

readable-stream@1.1:
  version "1.1.13"
  resolved "https://registry.yarnpkg.com/readable-stream/-/readable-stream-1.1.13.tgz#f6eef764f514c89e2b9e23146a75ba106756d23e"
  integrity sha512-E98tWzqShvKDGpR2MbjsDkDQWLW2TfWUC15H4tNQhIJ5Lsta84l8nUGL9/ybltGwe+wZzWPpc1Kmd2wQP4bdCA==
  dependencies:
    core-util-is "~1.0.0"
    inherits "~2.0.1"
    isarray "0.0.1"
    string_decoder "~0.10.x"

readable-stream@^2.2.2:
  version "2.3.7"
  resolved "https://registry.yarnpkg.com/readable-stream/-/readable-stream-2.3.7.tgz#1eca1cf711aef814c04f62252a36a62f6cb23b57"
  integrity sha512-Ebho8K4jIbHAxnuxi7o42OrZgF/ZTNcsZj6nRKyUmkhLFq8CHItp/fy6hQZuZmP/n3yZ9VBUbp4zz/mX8hmYPw==
  dependencies:
    core-util-is "~1.0.0"
    inherits "~2.0.3"
    isarray "~1.0.0"
    process-nextick-args "~2.0.0"
    safe-buffer "~5.1.1"
    string_decoder "~1.1.1"
    util-deprecate "~1.0.1"

readable-stream@^3.0.2:
  version "3.6.0"
  resolved "https://registry.yarnpkg.com/readable-stream/-/readable-stream-3.6.0.tgz#337bbda3adc0706bd3e024426a286d4b4b2c9198"
  integrity sha512-BViHy7LKeTz4oNnkcLJ+lVSL6vpiFeX6/d3oSH8zCW7UxP2onchk+vTGB143xuFjHS3deTgkKoXXymXqymiIdA==
  dependencies:
    inherits "^2.0.3"
    string_decoder "^1.1.1"
    util-deprecate "^1.0.1"

redeyed@~0.4.0:
  version "0.4.4"
  resolved "https://registry.yarnpkg.com/redeyed/-/redeyed-0.4.4.tgz#37e990a6f2b21b2a11c2e6a48fd4135698cba97f"
  integrity sha512-pnk1vsaNLu1UAAClKsImKz9HjBvg9i8cbRqTRzJbiCjGF0fZSMqpdcA5W3juO3c4etFvTrabECkq9wjC45ZyxA==
  dependencies:
    esprima "~1.0.4"

resolve-protobuf-schema@^2.1.0:
  version "2.1.0"
  resolved "https://registry.yarnpkg.com/resolve-protobuf-schema/-/resolve-protobuf-schema-2.1.0.tgz#9ca9a9e69cf192bbdaf1006ec1973948aa4a3758"
  integrity sha512-kI5ffTiZWmJaS/huM8wZfEMer1eRd7oJQhDuxeCLe3t7N7mX3z94CN0xPxBQxFYQTSNz9T0i+v6inKqSdK8xrQ==
  dependencies:
    protocol-buffers-schema "^3.3.1"

safe-buffer@~5.1.0, safe-buffer@~5.1.1:
  version "5.1.2"
  resolved "https://registry.yarnpkg.com/safe-buffer/-/safe-buffer-5.1.2.tgz#991ec69d296e0313747d59bdfd2b745c35f8828d"
  integrity sha512-Gd2UZBJDkXlY7GbJxfsE8/nvKkUEU1G38c1siN6QP6a9PT9MmHB8GnpscSmMJSoF8LOIrt8ud/wPtojys4G6+g==

safe-buffer@~5.2.0:
  version "5.2.1"
  resolved "https://registry.yarnpkg.com/safe-buffer/-/safe-buffer-5.2.1.tgz#1eaf9fa9bdb1fdd4ec75f58f9cdb4e6b7827eec6"
  integrity sha512-rp3So07KcdmmKbGvgaNxQSJr7bGVSVk5S9Eq1F+ppbRo70+YeaDxkw5Dd8NPN+GD6bjnYm2VuPuCXmpuYvmCXQ==

sharkdown@^0.1.0:
  version "0.1.1"
  resolved "https://registry.yarnpkg.com/sharkdown/-/sharkdown-0.1.1.tgz#64484bd0f08f347f8319e9ff947a670f6b48b1b2"
  integrity sha512-exwooSpmo5s45lrexgz6Q0rFQM574wYIX3iDZ7RLLqOb7IAoQZu9nxlZODU972g19sR69OIpKP2cpHTzU+PHIg==
  dependencies:
    cardinal "~0.4.2"
    minimist "0.0.5"
    split "~0.2.10"

splaytree@^3.1.0:
  version "3.1.1"
  resolved "https://registry.yarnpkg.com/splaytree/-/splaytree-3.1.1.tgz#e1bc8e68e64ef5a9d5f09d36e6d9f3621795a438"
  integrity sha512-9FaQ18FF0+sZc/ieEeXHt+Jw2eSpUgUtTLDYB/HXKWvhYVyOc7h1hzkn5MMO3GPib9MmXG1go8+OsBBzs/NMww==

split@~0.2.10:
  version "0.2.10"
  resolved "https://registry.yarnpkg.com/split/-/split-0.2.10.tgz#67097c601d697ce1368f418f06cd201cf0521a57"
  integrity sha512-e0pKq+UUH2Xq/sXbYpZBZc3BawsfDZ7dgv+JtRTUPNcvF5CMR4Y9cvJqkMY0MoxWzTHvZuz1beg6pNEKlszPiQ==
  dependencies:
    through "2"

string_decoder@^1.1.1:
  version "1.3.0"
  resolved "https://registry.yarnpkg.com/string_decoder/-/string_decoder-1.3.0.tgz#42f114594a46cf1a8e30b0a84f56c78c3edac21e"
  integrity sha512-hkRX8U1WjJFd8LsDJ2yQ/wWWxaopEsABU1XfkM8A+j0+85JAGppt16cr1Whg6KIbb4okU6Mql6BOj+uup/wKeA==
  dependencies:
    safe-buffer "~5.2.0"

string_decoder@~0.10.x:
  version "0.10.31"
  resolved "https://registry.yarnpkg.com/string_decoder/-/string_decoder-0.10.31.tgz#62e203bc41766c6c28c9fc84301dab1c5310fa94"
  integrity sha512-ev2QzSzWPYmy9GuqfIVildA4OdcGLeFZQrq5ys6RtiuF+RQQiZWr8TZNyAcuVXyQRYfEO+MsoB/1BuQVhOJuoQ==

string_decoder@~1.1.1:
  version "1.1.1"
  resolved "https://registry.yarnpkg.com/string_decoder/-/string_decoder-1.1.1.tgz#9cf1611ba62685d7030ae9e4ba34149c3af03fc8"
  integrity sha512-n/ShnvDi6FHbbVfviro+WojiFzv+s8MPMHBczVePfUpDJLwoLT0ht1l4YwBCbi8pJAveEEdnkHyPyTP/mzRfwg==
  dependencies:
    safe-buffer "~5.1.0"

through@2:
  version "2.3.8"
  resolved "https://registry.yarnpkg.com/through/-/through-2.3.8.tgz#0dd4c9ffaabc357960b1b724115d7e0e86a2e1f5"
  integrity sha512-w89qg7PI8wAdvX60bMDP+bFoD5Dvhm9oLheFp5O4a2QF0cSBGsBX4qZmadPMvVqlLJBBci+WqGGOAPvcDeNSVg==

through@~2.2.7:
  version "2.2.7"
  resolved "https://registry.yarnpkg.com/through/-/through-2.2.7.tgz#6e8e21200191d4eb6a99f6f010df46aa1c6eb2bd"
  integrity sha512-JIR0m0ybkmTcR8URann+HbwKmodP+OE8UCbsifQDYMLD5J3em1Cdn3MYPpbEd5elGDwmP98T+WbqP/tvzA5Mjg==

tiny-inflate@^1.0.2:
  version "1.0.3"
  resolved "https://registry.yarnpkg.com/tiny-inflate/-/tiny-inflate-1.0.3.tgz#122715494913a1805166aaf7c93467933eea26c4"
  integrity sha512-pkY1fj1cKHb2seWDy0B16HeWyczlJA9/WW3u3c4z/NiWDsO3DOU5D7nhTLE9CF0yXv/QZFY7sEJmj24dK+Rrqw==

tiny-osmpbf@^0.1.0:
  version "0.1.0"
  resolved "https://registry.yarnpkg.com/tiny-osmpbf/-/tiny-osmpbf-0.1.0.tgz#0a895717113ebe6aae363c4be5eefa8ecdafb927"
  integrity sha512-Sl0xuDdM0+bnrYPhTAWnQ5eui8+2cpYCnsBxq0EFR1/IgmfB7+FiC23I8aa7tdP4AjaWvBUMK34kfXdY6C1LCQ==
  dependencies:
    pbf "^3.0.4"
    tiny-inflate "^1.0.2"

turf-jsts@*:
  version "1.2.3"
  resolved "https://registry.yarnpkg.com/turf-jsts/-/turf-jsts-1.2.3.tgz#59757f542afbff9a577bbf411f183b8f48d38aa4"
  integrity sha512-Ja03QIJlPuHt4IQ2FfGex4F4JAr8m3jpaHbFbQrgwr7s7L6U8ocrHiF3J1+wf9jzhGKxvDeaCAnGDot8OjGFyA==

typedarray@^0.0.6:
  version "0.0.6"
  resolved "https://registry.yarnpkg.com/typedarray/-/typedarray-0.0.6.tgz#867ac74e3864187b1d3d47d996a78ec5c8830777"
  integrity sha512-/aCDEGatGvZ2BIk+HmLf4ifCJFwvKFNb9/JeZPMulfgFracn9QFcAf5GO8B/mweUjSoblS5In0cWhqpfs/5PQA==

util-deprecate@^1.0.1, util-deprecate@~1.0.1:
  version "1.0.2"
  resolved "https://registry.yarnpkg.com/util-deprecate/-/util-deprecate-1.0.2.tgz#450d4dc9fa70de732762fbd2d4a28981419a0ccf"
  integrity sha512-EPD5q1uXyFxJpCrLnCc1nHnq3gOa6DZBocAIiI2TaSCA7VCJ1UJDMagCzIkXNsUYfD1daK//LTEQ8xiIbrHtcw==

web-streams-polyfill@^3.0.3:
  version "3.2.1"
  resolved "https://registry.yarnpkg.com/web-streams-polyfill/-/web-streams-polyfill-3.2.1.tgz#71c2718c52b45fd49dbeee88634b3a60ceab42a6"
  integrity sha512-e0MO3wdXWKrLbL0DgGnUV7WHVuw9OUvL4hjgnPkIeEvESk74gAITi5G606JtZPp39cd8HA9VQzCIvA49LpPN5Q==

wgs84@0.0.0:
  version "0.0.0"
  resolved "https://registry.yarnpkg.com/wgs84/-/wgs84-0.0.0.tgz#34fdc555917b6e57cf2a282ed043710c049cdc76"
  integrity sha512-ANHlY4Rb5kHw40D0NJ6moaVfOCMrp9Gpd1R/AIQYg2ko4/jzcJ+TVXYYF6kXJqQwITvEZP4yEthjM7U6rYlljQ==

wordwrap@~0.0.2:
  version "0.0.3"
  resolved "https://registry.yarnpkg.com/wordwrap/-/wordwrap-0.0.3.tgz#a3d5da6cd5c0bc0008d37234bbaf1bed63059107"
  integrity sha512-1tMA907+V4QmxV7dbRvb4/8MaRALK6q9Abid3ndMYnbyo8piisCmeONVqVSXqQA3KaP4SLt5b7ud6E2sqP8TFw==

xmldom@~0.1.16:
  version "0.1.31"
  resolved "https://registry.yarnpkg.com/xmldom/-/xmldom-0.1.31.tgz#b76c9a1bd9f0a9737e5a72dc37231cf38375e2ff"
  integrity sha512-yS2uJflVQs6n+CyjHoaBmVSqIDevTAWrzMmjG1Gc7h1qQ7uVozNhEPJAwZXWyGQ/Gafo3fCwrcaokezLPupVyQ==
